
Microsoft Visual Studio Solution File, Format Version 12.00
# Visual Studio Version 17
VisualStudioVersion = 17.0.32014.148
MinimumVisualStudioVersion = 10.0.40219.1
Project("{FAE04EC0-301F-11D3-BF4B-00C04F79EFBC}") = "BoxheadNightmareDecrypter", "BoxheadNightmareDecrypter\BoxheadNightmareDecrypter.csproj", "{A773254F-85A1-4A05-9A8B-B3CB990FEDC4}"
EndProject
Global
	GlobalSection(SolutionConfigurationPlatforms) = preSolution
		Debug|Any CPU = Debug|Any CPU
		Release|Any CPU = Release|Any CPU
	EndGlobalSection
	GlobalSection(ProjectConfigurationPlatforms) = postSolution
		{A773254F-85A1-4A05-9A8B-B3CB990FEDC4}.Debug|Any CPU.ActiveCfg = Debug|Any CPU
		{A773254F-85A1-4A05-9A8B-B3CB990FEDC4}.Debug|Any CPU.Build.0 = Debug|Any CPU
		{A773254F-85A1-4A05-9A8B-B3CB990FEDC4}.Release|Any CPU.ActiveCfg = Release|Any CPU
		{A773254F-85A1-4A05-9A8B-B3CB990FEDC4}.Release|Any CPU.Build.0 = Release|Any CPU
	EndGlobalSection
	GlobalSection(SolutionProperties) = preSolution
		HideSolutionNode = FALSE
	EndGlobalSection
	GlobalSection(ExtensibilityGlobals) = postSolution
		SolutionGuid = {BF484F91-EEAE-4CDE-AFA2-6E0868766A62}
	EndGlobalSection
EndGlobal
